{
  "lockfileVersion": 1,
  "configVersion": 1,
  "workspaces": {
    "": {
      "name": "@kernel4632/agent-core",
      "devDependencies": {
        "@ai-sdk/anthropic": "^4.0.68",
        "@ai-sdk/google": "^4.0.85",
        "@ai-sdk/mcp": "2.0.62",
        "@ai-sdk/openai": "^4.0.81",
        "@ai-sdk/openai-compatible": "^3.0.59",
        "ai": "^7.0.122",
        "gpt-tokenizer": "^3.4.0",
        "nanoid": "^5.1.5",
        "p-queue": "^9.3.3",
        "p-retry": "^8.0.0",
        "zod": "4.5.1",
      },
    },
  },
  "packages": {
    "@ai-sdk/anthropic": ["@ai-sdk/anthropic@4.0.68", "", { "dependencies": { "@ai-sdk/provider": "4.0.19", "@ai-sdk/provider-utils": "5.0.51" }, "peerDependencies": { "zod": "^3.25.76 || ^4.1.8" } }, "sha512-7PzZEf2brum218FSdXf6gE9yz4gKkLwkoLkPwoBExWYFj/Qsbi2JetWDKnFOdV6eezOnP72pGs3T0OKUaAEcLw=="],

    "@ai-sdk/gateway": ["@ai-sdk/gateway@4.0.100", "", { "dependencies": { "@ai-sdk/provider": "4.0.19", "@ai-sdk/provider-utils": "5.0.51", "@vercel/oidc": "3.2.0" }, "peerDependencies": { "zod": "^3.25.76 || ^4.1.8" } }, "sha512-diJXVW2D1/NUW2JSg99b8yTpN8eW9AK5ntXSW4B7NrsW5STqwcGJAAOFlfOrQBzYHJlWReyy11WefWetdx4Qsw=="],

    "@ai-sdk/google": ["@ai-sdk/google@4.0.85", "", { "dependencies": { "@ai-sdk/provider": "4.0.19", "@ai-sdk/provider-utils": "5.0.51" }, "peerDependencies": { "zod": "^3.25.76 || ^4.1.8" } }, "sha512-gYfORjh13EkLZWKvpF3gEe2cAMEC3O9tnWniz2wuz8mHqJo08RfCjtLtP8iTka/xq4+a8lnXD4OGipDELd/GnA=="],

    "@ai-sdk/mcp": ["@ai-sdk/mcp@2.0.62", "", { "dependencies": { "@ai-sdk/provider": "4.0.19", "@ai-sdk/provider-utils": "5.0.51", "cross-spawn": "^7.0.6", "pkce-challenge": "^5.0.1" }, "peerDependencies": { "zod": "^3.25.76 || ^4.1.8" } }, "sha512-nGfJ+M9oW9haxvnDptzFoW/QQj7JQO1dzhKq31zls4UlKJ3BXrSlHnkpZvqMFjQbWKY97YCrIk9PjQpCXlk5Og=="],

    "@ai-sdk/openai": ["@ai-sdk/openai@4.0.81", "", { "dependencies": { "@ai-sdk/provider": "4.0.19", "@ai-sdk/provider-utils": "5.0.51" }, "peerDependencies": { "zod": "^3.25.76 || ^4.1.8" } }, "sha512-xLKx+4pbRvKF1gaXckfg0gQxDppi5SVYQsB/gkkzElCjAZ1OYDJB7xp+CvXIZGI6fzspricSfOl7MxEDvEdilg=="],

    "@ai-sdk/openai-compatible": ["@ai-sdk/openai-compatible@3.0.59", "", { "dependencies": { "@ai-sdk/provider": "4.0.19", "@ai-sdk/provider-utils": "5.0.51" }, "peerDependencies": { "zod": "^3.25.76 || ^4.1.8" } }, "sha512-ZRWWHhLTyVT0NSy+CnGuRAushwRRxXxpX0XMPgUjz+LTR3IP3nE155NkPhrD06yCT8fTKX+xlzF2nEg0P/LjGQ=="],

    "@ai-sdk/provider": ["@ai-sdk/provider@4.0.19", "", { "dependencies": { "json-schema": "^0.4.0" } }, "sha512-ryVZSSfmpEsr4bM8rbt9cSBWal+KGYRrm57C+k/hiPQHMiMahaqg2bPF0MpxSUWY8mGpt7s/ajM6PAqNTMKqPQ=="],

    "@ai-sdk/provider-utils": ["@ai-sdk/provider-utils@5.0.51", "", { "dependencies": { "@ai-sdk/provider": "4.0.19", "@standard-schema/spec": "^1.1.0", "@workflow/serde": "4.1.0", "eventsource-parser": "^3.0.8", "undici": "^7.29.0" }, "peerDependencies": { "zod": "^3.25.76 || ^4.1.8" } }, "sha512-z0IsEsDx+dxlZqyCtDjMbBj16NGmxFVTgQcP3+n3EFm9ttNU6wjOgL/kgvaPwtmZM6F7JbtRuLyzr6WOfo5DMw=="],

    "@standard-schema/spec": ["@standard-schema/spec@1.1.0", "https://registry.npmmirror.com/@standard-schema/spec/-/spec-1.1.0.tgz", {}, "sha512-l2aFy5jALhniG5HgqrD6jXLi/rUWrKvqN/qJx6yoJsgKhblVd+iqqU4RCXavm/jPityDo5TCvKMnpjKnOriy0w=="],

    "@vercel/oidc": ["@vercel/oidc@3.2.0", "https://registry.npmmirror.com/@vercel/oidc/-/oidc-3.2.0.tgz", {}, "sha512-UycprH3T6n3jH0k44NHMa7pnFHGu/N05MjojYr+Mc6I7obkoLIJujSWwin1pCvdy/eOxrI/l3uDLQsmcrOb4ug=="],

    "@workflow/serde": ["@workflow/serde@4.1.0", "https://registry.npmmirror.com/@workflow/serde/-/serde-4.1.0.tgz", {}, "sha512-pav4F2BoirECWR7Nf1TKt+2eETcBj7jj4cBefQ8VXQCA6NPkaKeLfj/zMgi+3zYV5ZIBT4GuUiphsj0/b9hPQQ=="],

    "ai": ["ai@7.0.122", "", { "dependencies": { "@ai-sdk/gateway": "4.0.100", "@ai-sdk/provider": "4.0.19", "@ai-sdk/provider-utils": "5.0.51" }, "peerDependencies": { "zod": "^3.25.76 || ^4.1.8" } }, "sha512-Un4yVROG+BMd6Q62xUxb9yV+wlTrUGeXhRtg5ltEFDV0p3lOYQaQHK9ozB6rdPdqlH3LyaszfbFdUkZ1p00nIQ=="],

    "cross-spawn": ["cross-spawn@7.0.6", "https://registry.npmmirror.com/cross-spawn/-/cross-spawn-7.0.6.tgz", { "dependencies": { "path-key": "^3.1.0", "shebang-command": "^2.0.0", "which": "^2.0.1" } }, "sha512-uV2QOWP2nWzsy2aMp8aRibhi9dlzF5Hgh5SHaB9OiTGEyDTiJJyx0uy51QXdyWbtAHNua4XJzUKca3OzKUd3vA=="],

    "eventemitter3": ["eventemitter3@5.0.4", "https://registry.npmmirror.com/eventemitter3/-/eventemitter3-5.0.4.tgz", {}, "sha512-mlsTRyGaPBjPedk6Bvw+aqbsXDtoAyAzm5MO7JgU+yVRyMQ5O8bD4Kcci7BS85f93veegeCPkL8R4GLClnjLFw=="],

    "eventsource-parser": ["eventsource-parser@3.1.1", "https://registry.npmmirror.com/eventsource-parser/-/eventsource-parser-3.1.1.tgz", {}, "sha512-EKN1vKAMcZ8MlYMpaNuxN6R9yakzH6uajHcHVTqWJzvu5pWw9DyhbP35HH8MVBQ+dZjAfDxk+A8NiR9KWaXiyQ=="],

    "gpt-tokenizer": ["gpt-tokenizer@3.4.0", "https://registry.npmmirror.com/gpt-tokenizer/-/gpt-tokenizer-3.4.0.tgz", {}, "sha512-wxFLnhIXTDjYebd9A9pGl3e31ZpSypbpIJSOswbgop5jLte/AsZVDvjlbEuVFlsqZixVKqbcoNmRlFDf6pz/UQ=="],

    "is-network-error": ["is-network-error@1.3.2", "https://registry.npmmirror.com/is-network-error/-/is-network-error-1.3.2.tgz", {}, "sha512-PhBY86zaxNZUuWP6h13Vu5oFe0XY6/UlKzQnYFELzGVHygP3MxmvTfYSG7GN3aIab/iWudSMgjSnG9Dq+nHrgA=="],

    "isexe": ["isexe@2.0.0", "https://registry.npmmirror.com/isexe/-/isexe-2.0.0.tgz", {}, "sha512-RHxMLp9lnKHGHRng9QFhRCMbYAcVpn69smSGcq3f36xjgVVWThj4qqLbTLlq7Ssj8B+fIQ1EuCEGI2lKsyQeIw=="],

    "json-schema": ["json-schema@0.4.0", "https://registry.npmmirror.com/json-schema/-/json-schema-0.4.0.tgz", {}, "sha512-es94M3nTIfsEPisRafak+HDLfHXnKBhV3vU5eqPcS3flIWqcxJWgXHXiey3YrpaNsanY5ei1VoYEbOzijuq9BA=="],

    "nanoid": ["nanoid@5.1.16", "https://registry.npmmirror.com/nanoid/-/nanoid-5.1.16.tgz", { "bin": { "nanoid": "bin/nanoid.js" } }, "sha512-kVrnsrJqMR8+oLJnGEmSWw9BivK5mt7H3FZatVRjrc5wGqFYuBxX1yG7+A7Gi5AefkX6t/oCkizcQgpu0cY1dQ=="],

    "p-queue": ["p-queue@9.3.3", "https://registry.npmmirror.com/p-queue/-/p-queue-9.3.3.tgz", { "dependencies": { "eventemitter3": "^5.0.4", "p-timeout": "^7.0.0" } }, "sha512-NXAOdnEe5FsZJfT4oK84lE1Y5cFFdWlRuOo5tww8DyNMxyRXwn39fIkUtNLKppcPC+UYU/bXujNCUGDv01y7CA=="],

    "p-retry": ["p-retry@8.0.0", "https://registry.npmmirror.com/p-retry/-/p-retry-8.0.0.tgz", { "dependencies": { "is-network-error": "^1.3.0" } }, "sha512-kFVqH1HxOHp8LupNsOys7bSV09VYTRLxarH/mokO4Rqhk6wGi70E0jh4VzvVGXfEVNggHoHLAMWsQqHyU1Ey9A=="],

    "p-timeout": ["p-timeout@7.0.2", "https://registry.npmmirror.com/p-timeout/-/p-timeout-7.0.2.tgz", {}, "sha512-prbX4Z3YszrFNgH+MW5Zoeq3baXrMtP/MQnFeET90UB/GtGcGDQ5Usg9OCy6ETjTTntOw1SL2z9fMPUppN3Guw=="],

    "path-key": ["path-key@3.1.1", "https://registry.npmmirror.com/path-key/-/path-key-3.1.1.tgz", {}, "sha512-ojmeN0qd+y0jszEtoY48r0Peq5dwMEkIlCOu6Q5f41lfkswXuKtYrhgoTpLnyIcHm24Uhqx+5Tqm2InSwLhE6Q=="],

    "pkce-challenge": ["pkce-challenge@5.0.1", "https://registry.npmmirror.com/pkce-challenge/-/pkce-challenge-5.0.1.tgz", {}, "sha512-wQ0b/W4Fr01qtpHlqSqspcj3EhBvimsdh0KlHhH8HRZnMsEa0ea2fTULOXOS9ccQr3om+GcGRk4e+isrZWV8qQ=="],

    "shebang-command": ["shebang-command@2.0.0", "https://registry.npmmirror.com/shebang-command/-/shebang-command-2.0.0.tgz", { "dependencies": { "shebang-regex": "^3.0.0" } }, "sha512-kHxr2zZpYtdmrN1qDjrrX/Z1rR1kG8Dx+gkpK1G4eXmvXswmcE1hTWBWYUzlraYw1/yZp6YuDY77YtvbN0dmDA=="],

    "shebang-regex": ["shebang-regex@3.0.0", "https://registry.npmmirror.com/shebang-regex/-/shebang-regex-3.0.0.tgz", {}, "sha512-7++dFhtcx3353uBaq8DDR4NuxBetBzC7ZQOhmTQInHEd6bSrXdiEyzCvG07Z44UYdLShWUyXt5M/yhz8ekcb1A=="],

    "undici": ["undici@7.29.0", "https://registry.npmmirror.com/undici/-/undici-7.29.0.tgz", {}, "sha512-IDxfleLmmbSskfWSUATiN1nfn2rDuvnMOqb5CWR92iIfojA0Ud+ulOAAEQ57LPr9rWmsreUyf5lwyao+7GNNVw=="],

    "which": ["which@2.0.2", "https://registry.npmmirror.com/which/-/which-2.0.2.tgz", { "dependencies": { "isexe": "^2.0.0" }, "bin": { "node-which": "./bin/node-which" } }, "sha512-BLI3Tl1TW3Pvl70l3yq3Y64i+awpwXqsGBYWkkqMtnbXgrMD+yj7rhW0kuEDxzJaYXGjEW5ogapKNMEKNMjibA=="],

    "zod": ["zod@4.5.1", "https://registry.npmmirror.com/zod/-/zod-4.5.1.tgz", {}, "sha512-P3GqeAEOEDqKvafVGLezbg+39YW/ze4xrD4qdS0adOY8eoI3zfjv1PQM4UwQzgT8mZKXEbqtVt8K+ZKGqkMFKg=="],
  }
}
